
Microsoft Visual Studio Solution File, Format Version 12.00
# Visual Studio Version 17
VisualStudioVersion = 17.9.34902.65
MinimumVisualStudioVersion = 10.0.40219.1
Project("{FAE04EC0-301F-11D3-BF4B-00C04F79EFBC}") = "Pizza App", "Pizza App\Pizza App.csproj", "{9EE58372-3721-45FA-BACB-854521DB3323}"
EndProject
Global
	GlobalSection(SolutionConfigurationPlatforms) = preSolution
		Debug|Any CPU = Debug|Any CPU
		Release|Any CPU = Release|Any CPU
	EndGlobalSection
	GlobalSection(ProjectConfigurationPlatforms) = postSolution
		{9EE58372-3721-45FA-BACB-854521DB3323}.Debug|Any CPU.ActiveCfg = Debug|Any CPU
		{9EE58372-3721-45FA-BACB-854521DB3323}.Debug|Any CPU.Build.0 = Debug|Any CPU
		{9EE58372-3721-45FA-BACB-854521DB3323}.Release|Any CPU.ActiveCfg = Release|Any CPU
		{9EE58372-3721-45FA-BACB-854521DB3323}.Release|Any CPU.Build.0 = Release|Any CPU
	EndGlobalSection
	GlobalSection(SolutionProperties) = preSolution
		HideSolutionNode = FALSE
	EndGlobalSection
	GlobalSection(ExtensibilityGlobals) = postSolution
		SolutionGuid = {36DECDEF-AD28-4012-A76A-E80F21C6FFE6}
	EndGlobalSection
EndGlobal
